
Microsoft Visual Studio Solution File, Format Version 12.00
# Visual Studio Version 17
VisualStudioVersion = 17.5.33326.253
MinimumVisualStudioVersion = 10.0.40219.1
Project("{8BC9CEB8-8B4A-11D0-8D11-00A0C91BC942}") = "Pseudocode Interpreter MFC", "Pseudocode Interpreter MFC\Pseudocode Interpreter MFC.vcxproj", "{E17761B1-C988-4AA5-A2FD-5628614F660D}"
	ProjectSection(ProjectDependencies) = postProject
		{4B38A194-4546-4313-ACF8-97AC3A2392E0} = {4B38A194-4546-4313-ACF8-97AC3A2392E0}
	EndProjectSection
EndProject
Project("{8BC9CEB8-8B4A-11D0-8D11-00A0C91BC942}") = "Pseudocode Interpreter", "Pseudocode Interpreter\Pseudocode Interpreter.vcxproj", "{4B38A194-4546-4313-ACF8-97AC3A2392E0}"
EndProject
Project("{8BC9CEB8-8B4A-11D0-8D11-00A0C91BC942}") = "Test", "Test\Test.vcxproj", "{8704E222-8AD3-41C9-83E6-0410426F77C5}"
EndProject
Global
	GlobalSection(SolutionConfigurationPlatforms) = preSolution
		Debug|x64 = Debug|x64
		Debug|x86 = Debug|x86
		Release|x64 = Release|x64
		Release|x86 = Release|x86
	EndGlobalSection
	GlobalSection(ProjectConfigurationPlatforms) = postSolution
		{E17761B1-C988-4AA5-A2FD-5628614F660D}.Debug|x64.ActiveCfg = Debug|x64
		{E17761B1-C988-4AA5-A2FD-5628614F660D}.Debug|x64.Build.0 = Debug|x64
		{E17761B1-C988-4AA5-A2FD-5628614F660D}.Debug|x86.ActiveCfg = Debug|Win32
		{E17761B1-C988-4AA5-A2FD-5628614F660D}.Debug|x86.Build.0 = Debug|Win32
		{E17761B1-C988-4AA5-A2FD-5628614F660D}.Release|x64.ActiveCfg = Release|x64
		{E17761B1-C988-4AA5-A2FD-5628614F660D}.Release|x64.Build.0 = Release|x64
		{E17761B1-C988-4AA5-A2FD-5628614F660D}.Release|x86.ActiveCfg = Release|Win32
		{E17761B1-C988-4AA5-A2FD-5628614F660D}.Release|x86.Build.0 = Release|Win32
		{4B38A194-4546-4313-ACF8-97AC3A2392E0}.Debug|x64.ActiveCfg = Debug|x64
		{4B38A194-4546-4313-ACF8-97AC3A2392E0}.Debug|x64.Build.0 = Debug|x64
		{4B38A194-4546-4313-ACF8-97AC3A2392E0}.Debug|x86.ActiveCfg = Debug|Win32
		{4B38A194-4546-4313-ACF8-97AC3A2392E0}.Debug|x86.Build.0 = Debug|Win32
		{4B38A194-4546-4313-ACF8-97AC3A2392E0}.Release|x64.ActiveCfg = Release|x64
		{4B38A194-4546-4313-ACF8-97AC3A2392E0}.Release|x64.Build.0 = Release|x64
		{4B38A194-4546-4313-ACF8-97AC3A2392E0}.Release|x86.ActiveCfg = Release|Win32
		{4B38A194-4546-4313-ACF8-97AC3A2392E0}.Release|x86.Build.0 = Release|Win32
		{8704E222-8AD3-41C9-83E6-0410426F77C5}.Debug|x64.ActiveCfg = Debug|x64
		{8704E222-8AD3-41C9-83E6-0410426F77C5}.Debug|x64.Build.0 = Debug|x64
		{8704E222-8AD3-41C9-83E6-0410426F77C5}.Debug|x86.ActiveCfg = Debug|Win32
		{8704E222-8AD3-41C9-83E6-0410426F77C5}.Debug|x86.Build.0 = Debug|Win32
		{8704E222-8AD3-41C9-83E6-0410426F77C5}.Release|x64.ActiveCfg = Release|x64
		{8704E222-8AD3-41C9-83E6-0410426F77C5}.Release|x64.Build.0 = Release|x64
		{8704E222-8AD3-41C9-83E6-0410426F77C5}.Release|x86.ActiveCfg = Release|Win32
		{8704E222-8AD3-41C9-83E6-0410426F77C5}.Release|x86.Build.0 = Release|Win32
	EndGlobalSection
	GlobalSection(SolutionProperties) = preSolution
		HideSolutionNode = FALSE
	EndGlobalSection
	GlobalSection(ExtensibilityGlobals) = postSolution
		SolutionGuid = {544FD876-3BB1-4BDD-A230-0C69E967AF5F}
	EndGlobalSection
EndGlobal
